{
  "name": "git-effort-evaluator",
  "version": "1.0.0",
  "lockfileVersion": 3,
  "requires": true,
  "packages": {
    "": {
      "name": "git-effort-evaluator",
      "version": "1.0.0",
      "hasInstallScript": true,
      "license": "ISC",
      "bin": {
        "git-stats": "bin/git-stats"
      }
    }
  }
}
